
Microsoft Visual Studio Solution File, Format Version 12.00
# Visual Studio Version 16
VisualStudioVersion = 16.0.30717.126
MinimumVisualStudioVersion = 10.0.40219.1
Project("{FAE04EC0-301F-11D3-BF4B-00C04F79EFBC}") = "HeThongVanChuyenHangOnl", "HeThongVanChuyenHangOnl\HeThongVanChuyenHangOnl.csproj", "{822C90C6-E0E0-4228-83E3-D0CA8F626CE0}"
EndProject
Global
	GlobalSection(SolutionConfigurationPlatforms) = preSolution
		Debug|Any CPU = Debug|Any CPU
		Release|Any CPU = Release|Any CPU
	EndGlobalSection
	GlobalSection(ProjectConfigurationPlatforms) = postSolution
		{822C90C6-E0E0-4228-83E3-D0CA8F626CE0}.Debug|Any CPU.ActiveCfg = Debug|Any CPU
		{822C90C6-E0E0-4228-83E3-D0CA8F626CE0}.Debug|Any CPU.Build.0 = Debug|Any CPU
		{822C90C6-E0E0-4228-83E3-D0CA8F626CE0}.Release|Any CPU.ActiveCfg = Release|Any CPU
		{822C90C6-E0E0-4228-83E3-D0CA8F626CE0}.Release|Any CPU.Build.0 = Release|Any CPU
	EndGlobalSection
	GlobalSection(SolutionProperties) = preSolution
		HideSolutionNode = FALSE
	EndGlobalSection
	GlobalSection(ExtensibilityGlobals) = postSolution
		SolutionGuid = {854A06ED-B9BD-4899-8DCB-7327B84FFFCF}
	EndGlobalSection
EndGlobal
